// !$*UTF8*$!
{
	archiveVersion = 1;
	classes = {
	};
	objectVersion = 56;
	objects = {

/* Begin PBXBuildFile section */
		0F3C77D92BF933770040F090 /* MoviesUIApp.swift in Sources */ = {isa = PBXBuildFile; fileRef = 0F3C77D82BF933770040F090 /* MoviesUIApp.swift */; };
		0F3C77DB2BF933770040F090 /* ContentView.swift in Sources */ = {isa = PBXBuildFile; fileRef = 0F3C77DA2BF933770040F090 /* ContentView.swift */; };
		0F3C77DD2BF933770040F090 /* Item.swift in Sources */ = {isa = PBXBuildFile; fileRef = 0F3C77DC2BF933770040F090 /* Item.swift */; };
		0F3C77DF2BF9337A0040F090 /* Assets.xcassets in Resources */ = {isa = PBXBuildFile; fileRef = 0F3C77DE2BF9337A0040F090 /* Assets.xcassets */; };
		0F3C77E22BF9337A0040F090 /* Preview Assets.xcassets in Resources */ = {isa = PBXBuildFile; fileRef = 0F3C77E12BF9337A0040F090 /* Preview Assets.xcassets */; };
		0F3C77EC2BF9337A0040F090 /* MoviesUITests.swift in Sources */ = {isa = PBXBuildFile; fileRef = 0F3C77EB2BF9337A0040F090 /* MoviesUITests.swift */; };
		0F3C77F62BF9337A0040F090 /* MoviesUIUITests.swift in Sources */ = {isa = PBXBuildFile; fileRef = 0F3C77F52BF9337A0040F090 /* MoviesUIUITests.swift */; };
		0F3C77F82BF9337A0040F090 /* MoviesUIUITestsLaunchTests.swift in Sources */ = {isa = PBXBuildFile; fileRef = 0F3C77F72BF9337A0040F090 /* MoviesUIUITestsLaunchTests.swift */; };
		0F3C78052BF93DB30040F090 /* MoviesListView.swift in Sources */ = {isa = PBXBuildFile; fileRef = 0F3C78042BF93DB30040F090 /* MoviesListView.swift */; };
		0F3C78092BF945040040F090 /* MovieGenre.swift in Sources */ = {isa = PBXBuildFile; fileRef = 0F3C78082BF945040040F090 /* MovieGenre.swift */; };
		0F3C780B2BF946DF0040F090 /* MovieGenreRepository.swift in Sources */ = {isa = PBXBuildFile; fileRef = 0F3C780A2BF946DF0040F090 /* MovieGenreRepository.swift */; };
		0F3C780D2BF94DBC0040F090 /* APIClient.swift in Sources */ = {isa = PBXBuildFile; fileRef = 0F3C780C2BF94DBC0040F090 /* APIClient.swift */; };
		0F3C780F2BF950030040F090 /* APIKey.swift in Sources */ = {isa = PBXBuildFile; fileRef = 0F3C780E2BF950030040F090 /* APIKey.swift */; };
		0F3C78122BF952CC0040F090 /* Endpoint.swift in Sources */ = {isa = PBXBuildFile; fileRef = 0F3C78112BF952CC0040F090 /* Endpoint.swift */; };
		0F3C78142BF9532B0040F090 /* GenreEndpoint.swift in Sources */ = {isa = PBXBuildFile; fileRef = 0F3C78132BF9532B0040F090 /* GenreEndpoint.swift */; };
/* End PBXBuildFile section */

/* Begin PBXContainerItemProxy section */
		0F3C77E82BF9337A0040F090 /* PBXContainerItemProxy */ = {
			isa = PBXContainerItemProxy;
			containerPortal = 0F3C77CD2BF933770040F090 /* Project object */;
			proxyType = 1;
			remoteGlobalIDString = 0F3C77D42BF933770040F090;
			remoteInfo = MoviesUI;
		};
		0F3C77F22BF9337A0040F090 /* PBXContainerItemProxy */ = {
			isa = PBXContainerItemProxy;
			containerPortal = 0F3C77CD2BF933770040F090 /* Project object */;
			proxyType = 1;
			remoteGlobalIDString = 0F3C77D42BF933770040F090;
			remoteInfo = MoviesUI;
		};
/* End PBXContainerItemProxy section */

/* Begin PBXFileReference section */
		0F3C77D52BF933770040F090 /* MoviesUI.app */ = {isa = PBXFileReference; explicitFileType = wrapper.application; includeInIndex = 0; path = MoviesUI.app; sourceTree = BUILT_PRODUCTS_DIR; };
		0F3C77D82BF933770040F090 /* MoviesUIApp.swift */ = {isa = PBXFileReference; lastKnownFileType = sourcecode.swift; path = MoviesUIApp.swift; sourceTree = "<group>"; };
		0F3C77DA2BF933770040F090 /* ContentView.swift */ = {isa = PBXFileReference; lastKnownFileType = sourcecode.swift; path = ContentView.swift; sourceTree = "<group>"; };
		0F3C77DC2BF933770040F090 /* Item.swift */ = {isa = PBXFileReference; lastKnownFileType = sourcecode.swift; path = Item.swift; sourceTree = "<group>"; };
		0F3C77DE2BF9337A0040F090 /* Assets.xcassets */ = {isa = PBXFileReference; lastKnownFileType = folder.assetcatalog; path = Assets.xcassets; sourceTree = "<group>"; };
		0F3C77E12BF9337A0040F090 /* Preview Assets.xcassets */ = {isa = PBXFileReference; lastKnownFileType = folder.assetcatalog; path = "Preview Assets.xcassets"; sourceTree = "<group>"; };
		0F3C77E72BF9337A0040F090 /* MoviesUITests.xctest */ = {isa = PBXFileReference; explicitFileType = wrapper.cfbundle; includeInIndex = 0; path = MoviesUITests.xctest; sourceTree = BUILT_PRODUCTS_DIR; };
		0F3C77EB2BF9337A0040F090 /* MoviesUITests.swift */ = {isa = PBXFileReference; lastKnownFileType = sourcecode.swift; path = MoviesUITests.swift; sourceTree = "<group>"; };
		0F3C77F12BF9337A0040F090 /* MoviesUIUITests.xctest */ = {isa = PBXFileReference; explicitFileType = wrapper.cfbundle; includeInIndex = 0; path = MoviesUIUITests.xctest; sourceTree = BUILT_PRODUCTS_DIR; };
		0F3C77F52BF9337A0040F090 /* MoviesUIUITests.swift */ = {isa = PBXFileReference; lastKnownFileType = sourcecode.swift; path = MoviesUIUITests.swift; sourceTree = "<group>"; };
		0F3C77F72BF9337A0040F090 /* MoviesUIUITestsLaunchTests.swift */ = {isa = PBXFileReference; lastKnownFileType = sourcecode.swift; path = MoviesUIUITestsLaunchTests.swift; sourceTree = "<group>"; };
		0F3C78042BF93DB30040F090 /* MoviesListView.swift */ = {isa = PBXFileReference; lastKnownFileType = sourcecode.swift; path = MoviesListView.swift; sourceTree = "<group>"; };
		0F3C78082BF945040040F090 /* MovieGenre.swift */ = {isa = PBXFileReference; lastKnownFileType = sourcecode.swift; path = MovieGenre.swift; sourceTree = "<group>"; };
		0F3C780A2BF946DF0040F090 /* MovieGenreRepository.swift */ = {isa = PBXFileReference; lastKnownFileType = sourcecode.swift; path = MovieGenreRepository.swift; sourceTree = "<group>"; };
		0F3C780C2BF94DBC0040F090 /* APIClient.swift */ = {isa = PBXFileReference; lastKnownFileType = sourcecode.swift; path = APIClient.swift; sourceTree = "<group>"; };
		0F3C780E2BF950030040F090 /* APIKey.swift */ = {isa = PBXFileReference; lastKnownFileType = sourcecode.swift; path = APIKey.swift; sourceTree = "<group>"; };
		0F3C78112BF952CC0040F090 /* Endpoint.swift */ = {isa = PBXFileReference; lastKnownFileType = sourcecode.swift; path = Endpoint.swift; sourceTree = "<group>"; };
		0F3C78132BF9532B0040F090 /* GenreEndpoint.swift */ = {isa = PBXFileReference; lastKnownFileType = sourcecode.swift; path = GenreEndpoint.swift; sourceTree = "<group>"; };
/* End PBXFileReference section */

/* Begin PBXFrameworksBuildPhase section */
		0F3C77D22BF933770040F090 /* Frameworks */ = {
			isa = PBXFrameworksBuildPhase;
			buildActionMask = 2147483647;
			files = (
			);
			runOnlyForDeploymentPostprocessing = 0;
		};
		0F3C77E42BF9337A0040F090 /* Frameworks */ = {
			isa = PBXFrameworksBuildPhase;
			buildActionMask = 2147483647;
			files = (
			);
			runOnlyForDeploymentPostprocessing = 0;
		};
		0F3C77EE2BF9337A0040F090 /* Frameworks */ = {
			isa = PBXFrameworksBuildPhase;
			buildActionMask = 2147483647;
			files = (
			);
			runOnlyForDeploymentPostprocessing = 0;
		};
/* End PBXFrameworksBuildPhase section */

/* Begin PBXGroup section */
		0F3C77CC2BF933770040F090 = {
			isa = PBXGroup;
			children = (
				0F3C77D72BF933770040F090 /* MoviesUI */,
				0F3C77EA2BF9337A0040F090 /* MoviesUITests */,
				0F3C77F42BF9337A0040F090 /* MoviesUIUITests */,
				0F3C77D62BF933770040F090 /* Products */,
			);
			sourceTree = "<group>";
		};
		0F3C77D62BF933770040F090 /* Products */ = {
			isa = PBXGroup;
			children = (
				0F3C77D52BF933770040F090 /* MoviesUI.app */,
				0F3C77E72BF9337A0040F090 /* MoviesUITests.xctest */,
				0F3C77F12BF9337A0040F090 /* MoviesUIUITests.xctest */,
			);
			name = Products;
			sourceTree = "<group>";
		};
		0F3C77D72BF933770040F090 /* MoviesUI */ = {
			isa = PBXGroup;
			children = (
				0F3C78072BF944F40040F090 /* Model */,
				0F3C78062BF942FA0040F090 /* MovieService */,
				0F3C77D82BF933770040F090 /* MoviesUIApp.swift */,
				0F3C77DA2BF933770040F090 /* ContentView.swift */,
				0F3C77DC2BF933770040F090 /* Item.swift */,
				0F3C77DE2BF9337A0040F090 /* Assets.xcassets */,
				0F3C77E02BF9337A0040F090 /* Preview Content */,
				0F3C78042BF93DB30040F090 /* MoviesListView.swift */,
			);
			path = MoviesUI;
			sourceTree = "<group>";
		};
		0F3C77E02BF9337A0040F090 /* Preview Content */ = {
			isa = PBXGroup;
			children = (
				0F3C77E12BF9337A0040F090 /* Preview Assets.xcassets */,
			);
			path = "Preview Content";
			sourceTree = "<group>";
		};
		0F3C77EA2BF9337A0040F090 /* MoviesUITests */ = {
			isa = PBXGroup;
			children = (
				0F3C77EB2BF9337A0040F090 /* MoviesUITests.swift */,
			);
			path = MoviesUITests;
			sourceTree = "<group>";
		};
		0F3C77F42BF9337A0040F090 /* MoviesUIUITests */ = {
			isa = PBXGroup;
			children = (
				0F3C77F52BF9337A0040F090 /* MoviesUIUITests.swift */,
				0F3C77F72BF9337A0040F090 /* MoviesUIUITestsLaunchTests.swift */,
			);
			path = MoviesUIUITests;
			sourceTree = "<group>";
		};
		0F3C78062BF942FA0040F090 /* MovieService */ = {
			isa = PBXGroup;
			children = (
				0F3C78102BF952BF0040F090 /* Endpoints */,
				0F3C780A2BF946DF0040F090 /* MovieGenreRepository.swift */,
				0F3C780C2BF94DBC0040F090 /* APIClient.swift */,
				0F3C780E2BF950030040F090 /* APIKey.swift */,
			);
			path = MovieService;
			sourceTree = "<group>";
		};
		0F3C78072BF944F40040F090 /* Model */ = {
			isa = PBXGroup;
			children = (
				0F3C78082BF945040040F090 /* MovieGenre.swift */,
			);
			path = Model;
			sourceTree = "<group>";
		};
		0F3C78102BF952BF0040F090 /* Endpoints */ = {
			isa = PBXGroup;
			children = (
				0F3C78112BF952CC0040F090 /* Endpoint.swift */,
				0F3C78132BF9532B0040F090 /* GenreEndpoint.swift */,
			);
			path = Endpoints;
			sourceTree = "<group>";
		};
/* End PBXGroup section */

/* Begin PBXNativeTarget section */
		0F3C77D42BF933770040F090 /* MoviesUI */ = {
			isa = PBXNativeTarget;
			buildConfigurationList = 0F3C77FB2BF9337A0040F090 /* Build configuration list for PBXNativeTarget "MoviesUI" */;
			buildPhases = (
				0F3C77D12BF933770040F090 /* Sources */,
				0F3C77D22BF933770040F090 /* Frameworks */,
				0F3C77D32BF933770040F090 /* Resources */,
			);
			buildRules = (
			);
			dependencies = (
			);
			name = MoviesUI;
			productName = MoviesUI;
			productReference = 0F3C77D52BF933770040F090 /* MoviesUI.app */;
			productType = "com.apple.product-type.application";
		};
		0F3C77E62BF9337A0040F090 /* MoviesUITests */ = {
			isa = PBXNativeTarget;
			buildConfigurationList = 0F3C77FE2BF9337A0040F090 /* Build configuration list for PBXNativeTarget "MoviesUITests" */;
			buildPhases = (
				0F3C77E32BF9337A0040F090 /* Sources */,
				0F3C77E42BF9337A0040F090 /* Frameworks */,
				0F3C77E52BF9337A0040F090 /* Resources */,
			);
			buildRules = (
			);
			dependencies = (
				0F3C77E92BF9337A0040F090 /* PBXTargetDependency */,
			);
			name = MoviesUITests;
			productName = MoviesUITests;
			productReference = 0F3C77E72BF9337A0040F090 /* MoviesUITests.xctest */;
			productType = "com.apple.product-type.bundle.unit-test";
		};
		0F3C77F02BF9337A0040F090 /* MoviesUIUITests */ = {
			isa = PBXNativeTarget;
			buildConfigurationList = 0F3C78012BF9337A0040F090 /* Build configuration list for PBXNativeTarget "MoviesUIUITests" */;
			buildPhases = (
				0F3C77ED2BF9337A0040F090 /* Sources */,
				0F3C77EE2BF9337A0040F090 /* Frameworks */,
				0F3C77EF2BF9337A0040F090 /* Resources */,
			);
			buildRules = (
			);
			dependencies = (
				0F3C77F32BF9337A0040F090 /* PBXTargetDependency */,
			);
			name = MoviesUIUITests;
			productName = MoviesUIUITests;
			productReference = 0F3C77F12BF9337A0040F090 /* MoviesUIUITests.xctest */;
			productType = "com.apple.product-type.bundle.ui-testing";
		};
/* End PBXNativeTarget section */

/* Begin PBXProject section */
		0F3C77CD2BF933770040F090 /* Project object */ = {
			isa = PBXProject;
			attributes = {
				BuildIndependentTargetsInParallel = 1;
				LastSwiftUpdateCheck = 1510;
				LastUpgradeCheck = 1510;
				TargetAttributes = {
					0F3C77D42BF933770040F090 = {
						CreatedOnToolsVersion = 15.1;
					};
					0F3C77E62BF9337A0040F090 = {
						CreatedOnToolsVersion = 15.1;
						TestTargetID = 0F3C77D42BF933770040F090;
					};
					0F3C77F02BF9337A0040F090 = {
						CreatedOnToolsVersion = 15.1;
						TestTargetID = 0F3C77D42BF933770040F090;
					};
				};
			};
			buildConfigurationList = 0F3C77D02BF933770040F090 /* Build configuration list for PBXProject "MoviesUI" */;
			compatibilityVersion = "Xcode 14.0";
			developmentRegion = en;
			hasScannedForEncodings = 0;
			knownRegions = (
				en,
				Base,
			);
			mainGroup = 0F3C77CC2BF933770040F090;
			productRefGroup = 0F3C77D62BF933770040F090 /* Products */;
			projectDirPath = "";
			projectRoot = "";
			targets = (
				0F3C77D42BF933770040F090 /* MoviesUI */,
				0F3C77E62BF9337A0040F090 /* MoviesUITests */,
				0F3C77F02BF9337A0040F090 /* MoviesUIUITests */,
			);
		};
/* End PBXProject section */

/* Begin PBXResourcesBuildPhase section */
		0F3C77D32BF933770040F090 /* Resources */ = {
			isa = PBXResourcesBuildPhase;
			buildActionMask = 2147483647;
			files = (
				0F3C77E22BF9337A0040F090 /* Preview Assets.xcassets in Resources */,
				0F3C77DF2BF9337A0040F090 /* Assets.xcassets in Resources */,
			);
			runOnlyForDeploymentPostprocessing = 0;
		};
		0F3C77E52BF9337A0040F090 /* Resources */ = {
			isa = PBXResourcesBuildPhase;
			buildActionMask = 2147483647;
			files = (
			);
			runOnlyForDeploymentPostprocessing = 0;
		};
		0F3C77EF2BF9337A0040F090 /* Resources */ = {
			isa = PBXResourcesBuildPhase;
			buildActionMask = 2147483647;
			files = (
			);
			runOnlyForDeploymentPostprocessing = 0;
		};
/* End PBXResourcesBuildPhase section */

/* Begin PBXSourcesBuildPhase section */
		0F3C77D12BF933770040F090 /* Sources */ = {
			isa = PBXSourcesBuildPhase;
			buildActionMask = 2147483647;
			files = (
				0F3C77DB2BF933770040F090 /* ContentView.swift in Sources */,
				0F3C78122BF952CC0040F090 /* Endpoint.swift in Sources */,
				0F3C780D2BF94DBC0040F090 /* APIClient.swift in Sources */,
				0F3C780F2BF950030040F090 /* APIKey.swift in Sources */,
				0F3C78052BF93DB30040F090 /* MoviesListView.swift in Sources */,
				0F3C78092BF945040040F090 /* MovieGenre.swift in Sources */,
				0F3C77DD2BF933770040F090 /* Item.swift in Sources */,
				0F3C780B2BF946DF0040F090 /* MovieGenreRepository.swift in Sources */,
				0F3C78142BF9532B0040F090 /* GenreEndpoint.swift in Sources */,
				0F3C77D92BF933770040F090 /* MoviesUIApp.swift in Sources */,
			);
			runOnlyForDeploymentPostprocessing = 0;
		};
		0F3C77E32BF9337A0040F090 /* Sources */ = {
			isa = PBXSourcesBuildPhase;
			buildActionMask = 2147483647;
			files = (
				0F3C77EC2BF9337A0040F090 /* MoviesUITests.swift in Sources */,
			);
			runOnlyForDeploymentPostprocessing = 0;
		};
		0F3C77ED2BF9337A0040F090 /* Sources */ = {
			isa = PBXSourcesBuildPhase;
			buildActionMask = 2147483647;
			files = (
				0F3C77F82BF9337A0040F090 /* MoviesUIUITestsLaunchTests.swift in Sources */,
				0F3C77F62BF9337A0040F090 /* MoviesUIUITests.swift in Sources */,
			);
			runOnlyForDeploymentPostprocessing = 0;
		};
/* End PBXSourcesBuildPhase section */

/* Begin PBXTargetDependency section */
		0F3C77E92BF9337A0040F090 /* PBXTargetDependency */ = {
			isa = PBXTargetDependency;
			target = 0F3C77D42BF933770040F090 /* MoviesUI */;
			targetProxy = 0F3C77E82BF9337A0040F090 /* PBXContainerItemProxy */;
		};
		0F3C77F32BF9337A0040F090 /* PBXTargetDependency */ = {
			isa = PBXTargetDependency;
			target = 0F3C77D42BF933770040F090 /* MoviesUI */;
			targetProxy = 0F3C77F22BF9337A0040F090 /* PBXContainerItemProxy */;
		};
/* End PBXTargetDependency section */

/* Begin XCBuildConfiguration section */
		0F3C77F92BF9337A0040F090 /* Debug */ = {
			isa = XCBuildConfiguration;
			buildSettings = {
				ALWAYS_SEARCH_USER_PATHS = NO;
				ASSETCATALOG_COMPILER_GENERATE_SWIFT_ASSET_SYMBOL_EXTENSIONS = YES;
				CLANG_ANALYZER_NONNULL = YES;
				CLANG_ANALYZER_NUMBER_OBJECT_CONVERSION = YES_AGGRESSIVE;
				CLANG_CXX_LANGUAGE_STANDARD = "gnu++20";
				CLANG_ENABLE_MODULES = YES;
				CLANG_ENABLE_OBJC_ARC = YES;
				CLANG_ENABLE_OBJC_WEAK = YES;
				CLANG_WARN_BLOCK_CAPTURE_AUTORELEASING = YES;
				CLANG_WARN_BOOL_CONVERSION = YES;
				CLANG_WARN_COMMA = YES;
				CLANG_WARN_CONSTANT_CONVERSION = YES;
				CLANG_WARN_DEPRECATED_OBJC_IMPLEMENTATIONS = YES;
				CLANG_WARN_DIRECT_OBJC_ISA_USAGE = YES_ERROR;
				CLANG_WARN_DOCUMENTATION_COMMENTS = YES;
				CLANG_WARN_EMPTY_BODY = YES;
				CLANG_WARN_ENUM_CONVERSION = YES;
				CLANG_WARN_INFINITE_RECURSION = YES;
				CLANG_WARN_INT_CONVERSION = YES;
				CLANG_WARN_NON_LITERAL_NULL_CONVERSION = YES;
				CLANG_WARN_OBJC_IMPLICIT_RETAIN_SELF = YES;
				CLANG_WARN_OBJC_LITERAL_CONVERSION = YES;
				CLANG_WARN_OBJC_ROOT_CLASS = YES_ERROR;
				CLANG_WARN_QUOTED_INCLUDE_IN_FRAMEWORK_HEADER = YES;
				CLANG_WARN_RANGE_LOOP_ANALYSIS = YES;
				CLANG_WARN_STRICT_PROTOTYPES = YES;
				CLANG_WARN_SUSPICIOUS_MOVE = YES;
				CLANG_WARN_UNGUARDED_AVAILABILITY = YES_AGGRESSIVE;
				CLANG_WARN_UNREACHABLE_CODE = YES;
				CLANG_WARN__DUPLICATE_METHOD_MATCH = YES;
				COPY_PHASE_STRIP = NO;
				DEBUG_INFORMATION_FORMAT = dwarf;
				ENABLE_STRICT_OBJC_MSGSEND = YES;
				ENABLE_TESTABILITY = YES;
				ENABLE_USER_SCRIPT_SANDBOXING = YES;
				GCC_C_LANGUAGE_STANDARD = gnu17;
				GCC_DYNAMIC_NO_PIC = NO;
				GCC_NO_COMMON_BLOCKS = YES;
				GCC_OPTIMIZATION_LEVEL = 0;
				GCC_PREPROCESSOR_DEFINITIONS = (
					"DEBUG=1",
					"$(inherited)",
				);
				GCC_WARN_64_TO_32_BIT_CONVERSION = YES;
				GCC_WARN_ABOUT_RETURN_TYPE = YES_ERROR;
				GCC_WARN_UNDECLARED_SELECTOR = YES;
				GCC_WARN_UNINITIALIZED_AUTOS = YES_AGGRESSIVE;
				GCC_WARN_UNUSED_FUNCTION = YES;
				GCC_WARN_UNUSED_VARIABLE = YES;
				IPHONEOS_DEPLOYMENT_TARGET = 17.2;
				LOCALIZATION_PREFERS_STRING_CATALOGS = YES;
				MTL_ENABLE_DEBUG_INFO = INCLUDE_SOURCE;
				MTL_FAST_MATH = YES;
				ONLY_ACTIVE_ARCH = YES;
				SDKROOT = iphoneos;
				SWIFT_ACTIVE_COMPILATION_CONDITIONS = "DEBUG $(inherited)";
				SWIFT_OPTIMIZATION_LEVEL = "-Onone";
			};
			name = Debug;
		};
		0F3C77FA2BF9337A0040F090 /* Release */ = {
			isa = XCBuildConfiguration;
			buildSettings = {
				ALWAYS_SEARCH_USER_PATHS = NO;
				ASSETCATALOG_COMPILER_GENERATE_SWIFT_ASSET_SYMBOL_EXTENSIONS = YES;
				CLANG_ANALYZER_NONNULL = YES;
				CLANG_ANALYZER_NUMBER_OBJECT_CONVERSION = YES_AGGRESSIVE;
				CLANG_CXX_LANGUAGE_STANDARD = "gnu++20";
				CLANG_ENABLE_MODULES = YES;
				CLANG_ENABLE_OBJC_ARC = YES;
				CLANG_ENABLE_OBJC_WEAK = YES;
				CLANG_WARN_BLOCK_CAPTURE_AUTORELEASING = YES;
				CLANG_WARN_BOOL_CONVERSION = YES;
				CLANG_WARN_COMMA = YES;
				CLANG_WARN_CONSTANT_CONVERSION = YES;
				CLANG_WARN_DEPRECATED_OBJC_IMPLEMENTATIONS = YES;
				CLANG_WARN_DIRECT_OBJC_ISA_USAGE = YES_ERROR;
				CLANG_WARN_DOCUMENTATION_COMMENTS = YES;
				CLANG_WARN_EMPTY_BODY = YES;
				CLANG_WARN_ENUM_CONVERSION = YES;
				CLANG_WARN_INFINITE_RECURSION = YES;
				CLANG_WARN_INT_CONVERSION = YES;
				CLANG_WARN_NON_LITERAL_NULL_CONVERSION = YES;
				CLANG_WARN_OBJC_IMPLICIT_RETAIN_SELF = YES;
				CLANG_WARN_OBJC_LITERAL_CONVERSION = YES;
				CLANG_WARN_OBJC_ROOT_CLASS = YES_ERROR;
				CLANG_WARN_QUOTED_INCLUDE_IN_FRAMEWORK_HEADER = YES;
				CLANG_WARN_RANGE_LOOP_ANALYSIS = YES;
				CLANG_WARN_STRICT_PROTOTYPES = YES;
				CLANG_WARN_SUSPICIOUS_MOVE = YES;
				CLANG_WARN_UNGUARDED_AVAILABILITY = YES_AGGRESSIVE;
				CLANG_WARN_UNREACHABLE_CODE = YES;
				CLANG_WARN__DUPLICATE_METHOD_MATCH = YES;
				COPY_PHASE_STRIP = NO;
				DEBUG_INFORMATION_FORMAT = "dwarf-with-dsym";
				ENABLE_NS_ASSERTIONS = NO;
				ENABLE_STRICT_OBJC_MSGSEND = YES;
				ENABLE_USER_SCRIPT_SANDBOXING = YES;
				GCC_C_LANGUAGE_STANDARD = gnu17;
				GCC_NO_COMMON_BLOCKS = YES;
				GCC_WARN_64_TO_32_BIT_CONVERSION = YES;
				GCC_WARN_ABOUT_RETURN_TYPE = YES_ERROR;
				GCC_WARN_UNDECLARED_SELECTOR = YES;
				GCC_WARN_UNINITIALIZED_AUTOS = YES_AGGRESSIVE;
				GCC_WARN_UNUSED_FUNCTION = YES;
				GCC_WARN_UNUSED_VARIABLE = YES;
				IPHONEOS_DEPLOYMENT_TARGET = 17.2;
				LOCALIZATION_PREFERS_STRING_CATALOGS = YES;
				MTL_ENABLE_DEBUG_INFO = NO;
				MTL_FAST_MATH = YES;
				SDKROOT = iphoneos;
				SWIFT_COMPILATION_MODE = wholemodule;
				VALIDATE_PRODUCT = YES;
			};
			name = Release;
		};
		0F3C77FC2BF9337A0040F090 /* Debug */ = {
			isa = XCBuildConfiguration;
			buildSettings = {
				ASSETCATALOG_COMPILER_APPICON_NAME = AppIcon;
				ASSETCATALOG_COMPILER_GLOBAL_ACCENT_COLOR_NAME = AccentColor;
				CODE_SIGN_STYLE = Automatic;
				CURRENT_PROJECT_VERSION = 1;
				DEVELOPMENT_ASSET_PATHS = "\"MoviesUI/Preview Content\"";
				DEVELOPMENT_TEAM = 83XT2J75S2;
				ENABLE_PREVIEWS = YES;
				GENERATE_INFOPLIST_FILE = YES;
				INFOPLIST_KEY_UIApplicationSceneManifest_Generation = YES;
				INFOPLIST_KEY_UIApplicationSupportsIndirectInputEvents = YES;
				INFOPLIST_KEY_UILaunchScreen_Generation = YES;
				INFOPLIST_KEY_UISupportedInterfaceOrientations_iPad = "UIInterfaceOrientationPortrait UIInterfaceOrientationPortraitUpsideDown UIInterfaceOrientationLandscapeLeft UIInterfaceOrientationLandscapeRight";
				INFOPLIST_KEY_UISupportedInterfaceOrientations_iPhone = "UIInterfaceOrientationPortrait UIInterfaceOrientationLandscapeLeft UIInterfaceOrientationLandscapeRight";
				LD_RUNPATH_SEARCH_PATHS = (
					"$(inherited)",
					"@executable_path/Frameworks",
				);
				MARKETING_VERSION = 1.0;
				PRODUCT_BUNDLE_IDENTIFIER = ca.study.MoviesUI;
				PRODUCT_NAME = "$(TARGET_NAME)";
				SWIFT_EMIT_LOC_STRINGS = YES;
				SWIFT_VERSION = 5.0;
				TARGETED_DEVICE_FAMILY = "1,2";
			};
			name = Debug;
		};
		0F3C77FD2BF9337A0040F090 /* Release */ = {
			isa = XCBuildConfiguration;
			buildSettings = {
				ASSETCATALOG_COMPILER_APPICON_NAME = AppIcon;
				ASSETCATALOG_COMPILER_GLOBAL_ACCENT_COLOR_NAME = AccentColor;
				CODE_SIGN_STYLE = Automatic;
				CURRENT_PROJECT_VERSION = 1;
				DEVELOPMENT_ASSET_PATHS = "\"MoviesUI/Preview Content\"";
				DEVELOPMENT_TEAM = 83XT2J75S2;
				ENABLE_PREVIEWS = YES;
				GENERATE_INFOPLIST_FILE = YES;
				INFOPLIST_KEY_UIApplicationSceneManifest_Generation = YES;
				INFOPLIST_KEY_UIApplicationSupportsIndirectInputEvents = YES;
				INFOPLIST_KEY_UILaunchScreen_Generation = YES;
				INFOPLIST_KEY_UISupportedInterfaceOrientations_iPad = "UIInterfaceOrientationPortrait UIInterfaceOrientationPortraitUpsideDown UIInterfaceOrientationLandscapeLeft UIInterfaceOrientationLandscapeRight";
				INFOPLIST_KEY_UISupportedInterfaceOrientations_iPhone = "UIInterfaceOrientationPortrait UIInterfaceOrientationLandscapeLeft UIInterfaceOrientationLandscapeRight";
				LD_RUNPATH_SEARCH_PATHS = (
					"$(inherited)",
					"@executable_path/Frameworks",
				);
				MARKETING_VERSION = 1.0;
				PRODUCT_BUNDLE_IDENTIFIER = ca.study.MoviesUI;
				PRODUCT_NAME = "$(TARGET_NAME)";
				SWIFT_EMIT_LOC_STRINGS = YES;
				SWIFT_VERSION = 5.0;
				TARGETED_DEVICE_FAMILY = "1,2";
			};
			name = Release;
		};
		0F3C77FF2BF9337A0040F090 /* Debug */ = {
			isa = XCBuildConfiguration;
			buildSettings = {
				ALWAYS_EMBED_SWIFT_STANDARD_LIBRARIES = YES;
				BUNDLE_LOADER = "$(TEST_HOST)";
				CODE_SIGN_STYLE = Automatic;
				CURRENT_PROJECT_VERSION = 1;
				DEVELOPMENT_TEAM = 83XT2J75S2;
				GENERATE_INFOPLIST_FILE = YES;
				IPHONEOS_DEPLOYMENT_TARGET = 17.2;
				MARKETING_VERSION = 1.0;
				PRODUCT_BUNDLE_IDENTIFIER = ca.study.MoviesUITests;
				PRODUCT_NAME = "$(TARGET_NAME)";
				SWIFT_EMIT_LOC_STRINGS = NO;
				SWIFT_VERSION = 5.0;
				TARGETED_DEVICE_FAMILY = "1,2";
				TEST_HOST = "$(BUILT_PRODUCTS_DIR)/MoviesUI.app/$(BUNDLE_EXECUTABLE_FOLDER_PATH)/MoviesUI";
			};
			name = Debug;
		};
		0F3C78002BF9337A0040F090 /* Release */ = {
			isa = XCBuildConfiguration;
			buildSettings = {
				ALWAYS_EMBED_SWIFT_STANDARD_LIBRARIES = YES;
				BUNDLE_LOADER = "$(TEST_HOST)";
				CODE_SIGN_STYLE = Automatic;
				CURRENT_PROJECT_VERSION = 1;
				DEVELOPMENT_TEAM = 83XT2J75S2;
				GENERATE_INFOPLIST_FILE = YES;
				IPHONEOS_DEPLOYMENT_TARGET = 17.2;
				MARKETING_VERSION = 1.0;
				PRODUCT_BUNDLE_IDENTIFIER = ca.study.MoviesUITests;
				PRODUCT_NAME = "$(TARGET_NAME)";
				SWIFT_EMIT_LOC_STRINGS = NO;
				SWIFT_VERSION = 5.0;
				TARGETED_DEVICE_FAMILY = "1,2";
				TEST_HOST = "$(BUILT_PRODUCTS_DIR)/MoviesUI.app/$(BUNDLE_EXECUTABLE_FOLDER_PATH)/MoviesUI";
			};
			name = Release;
		};
		0F3C78022BF9337A0040F090 /* Debug */ = {
			isa = XCBuildConfiguration;
			buildSettings = {
				ALWAYS_EMBED_SWIFT_STANDARD_LIBRARIES = YES;
				CODE_SIGN_STYLE = Automatic;
				CURRENT_PROJECT_VERSION = 1;
				DEVELOPMENT_TEAM = 83XT2J75S2;
				GENERATE_INFOPLIST_FILE = YES;
				MARKETING_VERSION = 1.0;
				PRODUCT_BUNDLE_IDENTIFIER = ca.study.MoviesUIUITests;
				PRODUCT_NAME = "$(TARGET_NAME)";
				SWIFT_EMIT_LOC_STRINGS = NO;
				SWIFT_VERSION = 5.0;
				TARGETED_DEVICE_FAMILY = "1,2";
				TEST_TARGET_NAME = MoviesUI;
			};
			name = Debug;
		};
		0F3C78032BF9337A0040F090 /* Release */ = {
			isa = XCBuildConfiguration;
			buildSettings = {
				ALWAYS_EMBED_SWIFT_STANDARD_LIBRARIES = YES;
				CODE_SIGN_STYLE = Automatic;
				CURRENT_PROJECT_VERSION = 1;
				DEVELOPMENT_TEAM = 83XT2J75S2;
				GENERATE_INFOPLIST_FILE = YES;
				MARKETING_VERSION = 1.0;
				PRODUCT_BUNDLE_IDENTIFIER = ca.study.MoviesUIUITests;
				PRODUCT_NAME = "$(TARGET_NAME)";
				SWIFT_EMIT_LOC_STRINGS = NO;
				SWIFT_VERSION = 5.0;
				TARGETED_DEVICE_FAMILY = "1,2";
				TEST_TARGET_NAME = MoviesUI;
			};
			name = Release;
		};
/* End XCBuildConfiguration section */

/* Begin XCConfigurationList section */
		0F3C77D02BF933770040F090 /* Build configuration list for PBXProject "MoviesUI" */ = {
			isa = XCConfigurationList;
			buildConfigurations = (
				0F3C77F92BF9337A0040F090 /* Debug */,
				0F3C77FA2BF9337A0040F090 /* Release */,
			);
			defaultConfigurationIsVisible = 0;
			defaultConfigurationName = Release;
		};
		0F3C77FB2BF9337A0040F090 /* Build configuration list for PBXNativeTarget "MoviesUI" */ = {
			isa = XCConfigurationList;
			buildConfigurations = (
				0F3C77FC2BF9337A0040F090 /* Debug */,
				0F3C77FD2BF9337A0040F090 /* Release */,
			);
			defaultConfigurationIsVisible = 0;
			defaultConfigurationName = Release;
		};
		0F3C77FE2BF9337A0040F090 /* Build configuration list for PBXNativeTarget "MoviesUITests" */ = {
			isa = XCConfigurationList;
			buildConfigurations = (
				0F3C77FF2BF9337A0040F090 /* Debug */,
				0F3C78002BF9337A0040F090 /* Release */,
			);
			defaultConfigurationIsVisible = 0;
			defaultConfigurationName = Release;
		};
		0F3C78012BF9337A0040F090 /* Build configuration list for PBXNativeTarget "MoviesUIUITests" */ = {
			isa = XCConfigurationList;
			buildConfigurations = (
				0F3C78022BF9337A0040F090 /* Debug */,
				0F3C78032BF9337A0040F090 /* Release */,
			);
			defaultConfigurationIsVisible = 0;
			defaultConfigurationName = Release;
		};
/* End XCConfigurationList section */
	};
	rootObject = 0F3C77CD2BF933770040F090 /* Project object */;
}
